{
  "name": "sb-report",
  "version": "1.0.0",
  "lockfileVersion": 1,
  "requires": true,
  "dependencies": {
    "node-addon-api": {
      "version": "1.7.1",
      "resolved": "https://registry.npmjs.org/node-addon-api/-/node-addon-api-1.7.1.tgz",
      "integrity": "sha512-2+DuKodWvwRTrCfKOeR24KIc5unKjOh8mz17NCzVnHWfjAdDqbfbjqh7gUT+BkXBRQM52+xCHciKWonJ3CbJMQ=="
    },
    "node-gdx": {
      "version": "1.0.4",
      "resolved": "https://registry.npmjs.org/node-gdx/-/node-gdx-1.0.4.tgz",
      "integrity": "sha512-aaodC+BKhZb+SCyNs6NThVnufpHmXWh6dCsVczZTnP6CKcyekjCfzgY/k3VBBfNjr1e2wBhikbr5HunPGyzGmg==",
      "requires": {
        "node-addon-api": "^1.6.3",
        "node-gyp-build": "^4.1.0"
      }
    },
    "node-gyp-build": {
      "version": "4.1.0",
      "resolved": "https://registry.npmjs.org/node-gyp-build/-/node-gyp-build-4.1.0.tgz",
      "integrity": "sha512-rGLv++nK20BG8gc0MzzcYe1Nl3p3mtwJ74Q2QD0HTEDKZ6NvOFSelY6s2QBPWIHRR8h7hpad0LiwajfClBJfNg=="
    }
  }
}
